
Microsoft Visual Studio Solution File, Format Version 12.00
# Visual Studio Version 17
VisualStudioVersion = 17.11.35312.102
MinimumVisualStudioVersion = 10.0.40219.1
Project("{FAE04EC0-301F-11D3-BF4B-00C04F79EFBC}") = "tetris", "tetris\tetris.csproj", "{9072653A-2448-42EC-AAD3-4AD2D9B05C73}"
EndProject
Global
	GlobalSection(SolutionConfigurationPlatforms) = preSolution
		Debug|Any CPU = Debug|Any CPU
		Release|Any CPU = Release|Any CPU
	EndGlobalSection
	GlobalSection(ProjectConfigurationPlatforms) = postSolution
		{9072653A-2448-42EC-AAD3-4AD2D9B05C73}.Debug|Any CPU.ActiveCfg = Debug|Any CPU
		{9072653A-2448-42EC-AAD3-4AD2D9B05C73}.Debug|Any CPU.Build.0 = Debug|Any CPU
		{9072653A-2448-42EC-AAD3-4AD2D9B05C73}.Release|Any CPU.ActiveCfg = Release|Any CPU
		{9072653A-2448-42EC-AAD3-4AD2D9B05C73}.Release|Any CPU.Build.0 = Release|Any CPU
	EndGlobalSection
	GlobalSection(SolutionProperties) = preSolution
		HideSolutionNode = FALSE
	EndGlobalSection
	GlobalSection(ExtensibilityGlobals) = postSolution
		SolutionGuid = {8356E09F-8EF7-46BE-B807-8901A615D2B6}
	EndGlobalSection
EndGlobal
